// !$*UTF8*$!
{
	archiveVersion = 1;
	classes = {
	};
	objectVersion = 50;
	objects = {

/* Begin PBXBuildFile section */
		A55C6AE9222ADECD00FAF311 /* ImagesAndNames.swift in Sources */ = {isa = PBXBuildFile; fileRef = A55C6AE8222ADECD00FAF311 /* ImagesAndNames.swift */; };
		A5CBDE5A222AD2930034BD30 /* AppDelegate.swift in Sources */ = {isa = PBXBuildFile; fileRef = A5CBDE59222AD2930034BD30 /* AppDelegate.swift */; };
		A5CBDE5C222AD2930034BD30 /* ListTableViewController.swift in Sources */ = {isa = PBXBuildFile; fileRef = A5CBDE5B222AD2930034BD30 /* ListTableViewController.swift */; };
		A5CBDE5F222AD2930034BD30 /* Main.storyboard in Resources */ = {isa = PBXBuildFile; fileRef = A5CBDE5D222AD2930034BD30 /* Main.storyboard */; };
		A5CBDE61222AD2940034BD30 /* Assets.xcassets in Resources */ = {isa = PBXBuildFile; fileRef = A5CBDE60222AD2940034BD30 /* Assets.xcassets */; };
		A5CBDE64222AD2940034BD30 /* LaunchScreen.storyboard in Resources */ = {isa = PBXBuildFile; fileRef = A5CBDE62222AD2940034BD30 /* LaunchScreen.storyboard */; };
		A5CBDE6E222AD60F0034BD30 /* ParallaxCell.swift in Sources */ = {isa = PBXBuildFile; fileRef = A5CBDE6D222AD60F0034BD30 /* ParallaxCell.swift */; };
/* End PBXBuildFile section */

/* Begin PBXFileReference section */
		A55C6AE8222ADECD00FAF311 /* ImagesAndNames.swift */ = {isa = PBXFileReference; lastKnownFileType = sourcecode.swift; path = ImagesAndNames.swift; sourceTree = "<group>"; };
		A5CBDE56222AD2930034BD30 /* listy.app */ = {isa = PBXFileReference; explicitFileType = wrapper.application; includeInIndex = 0; path = listy.app; sourceTree = BUILT_PRODUCTS_DIR; };
		A5CBDE59222AD2930034BD30 /* AppDelegate.swift */ = {isa = PBXFileReference; lastKnownFileType = sourcecode.swift; path = AppDelegate.swift; sourceTree = "<group>"; };
		A5CBDE5B222AD2930034BD30 /* ListTableViewController.swift */ = {isa = PBXFileReference; lastKnownFileType = sourcecode.swift; path = ListTableViewController.swift; sourceTree = "<group>"; };
		A5CBDE5E222AD2930034BD30 /* Base */ = {isa = PBXFileReference; lastKnownFileType = file.storyboard; name = Base; path = Base.lproj/Main.storyboard; sourceTree = "<group>"; };
		A5CBDE60222AD2940034BD30 /* Assets.xcassets */ = {isa = PBXFileReference; lastKnownFileType = folder.assetcatalog; path = Assets.xcassets; sourceTree = "<group>"; };
		A5CBDE63222AD2940034BD30 /* Base */ = {isa = PBXFileReference; lastKnownFileType = file.storyboard; name = Base; path = Base.lproj/LaunchScreen.storyboard; sourceTree = "<group>"; };
		A5CBDE65222AD2940034BD30 /* Info.plist */ = {isa = PBXFileReference; lastKnownFileType = text.plist.xml; path = Info.plist; sourceTree = "<group>"; };
		A5CBDE6D222AD60F0034BD30 /* ParallaxCell.swift */ = {isa = PBXFileReference; lastKnownFileType = sourcecode.swift; path = ParallaxCell.swift; sourceTree = "<group>"; };
/* End PBXFileReference section */

/* Begin PBXFrameworksBuildPhase section */
		A5CBDE53222AD2930034BD30 /* Frameworks */ = {
			isa = PBXFrameworksBuildPhase;
			buildActionMask = 2147483647;
			files = (
			);
			runOnlyForDeploymentPostprocessing = 0;
		};
/* End PBXFrameworksBuildPhase section */

/* Begin PBXGroup section */
		A5CBDE4D222AD2930034BD30 = {
			isa = PBXGroup;
			children = (
				A5CBDE58222AD2930034BD30 /* listy */,
				A5CBDE57222AD2930034BD30 /* Products */,
			);
			sourceTree = "<group>";
		};
		A5CBDE57222AD2930034BD30 /* Products */ = {
			isa = PBXGroup;
			children = (
				A5CBDE56222AD2930034BD30 /* listy.app */,
			);
			name = Products;
			sourceTree = "<group>";
		};
		A5CBDE58222AD2930034BD30 /* listy */ = {
			isa = PBXGroup;
			children = (
				A5CBDE6C222AD5F40034BD30 /* View */,
				A5CBDE6B222AD5E50034BD30 /* Controller */,
				A5CBDE59222AD2930034BD30 /* AppDelegate.swift */,
				A5CBDE5D222AD2930034BD30 /* Main.storyboard */,
				A5CBDE60222AD2940034BD30 /* Assets.xcassets */,
				A5CBDE62222AD2940034BD30 /* LaunchScreen.storyboard */,
				A5CBDE65222AD2940034BD30 /* Info.plist */,
				A55C6AE8222ADECD00FAF311 /* ImagesAndNames.swift */,
			);
			path = listy;
			sourceTree = "<group>";
		};
		A5CBDE6B222AD5E50034BD30 /* Controller */ = {
			isa = PBXGroup;
			children = (
				A5CBDE5B222AD2930034BD30 /* ListTableViewController.swift */,
			);
			path = Controller;
			sourceTree = "<group>";
		};
		A5CBDE6C222AD5F40034BD30 /* View */ = {
			isa = PBXGroup;
			children = (
				A5CBDE6D222AD60F0034BD30 /* ParallaxCell.swift */,
			);
			path = View;
			sourceTree = "<group>";
		};
/* End PBXGroup section */

/* Begin PBXNativeTarget section */
		A5CBDE55222AD2930034BD30 /* listy */ = {
			isa = PBXNativeTarget;
			buildConfigurationList = A5CBDE68222AD2940034BD30 /* Build configuration list for PBXNativeTarget "listy" */;
			buildPhases = (
				A5CBDE52222AD2930034BD30 /* Sources */,
				A5CBDE53222AD2930034BD30 /* Frameworks */,
				A5CBDE54222AD2930034BD30 /* Resources */,
			);
			buildRules = (
			);
			dependencies = (
			);
			name = listy;
			productName = listy;
			productReference = A5CBDE56222AD2930034BD30 /* listy.app */;
			productType = "com.apple.product-type.application";
		};
/* End PBXNativeTarget section */

/* Begin PBXProject section */
		A5CBDE4E222AD2930034BD30 /* Project object */ = {
			isa = PBXProject;
			attributes = {
				LastSwiftUpdateCheck = 1010;
				LastUpgradeCheck = 1010;
				ORGANIZATIONNAME = "Sergey Neupokoev";
				TargetAttributes = {
					A5CBDE55222AD2930034BD30 = {
						CreatedOnToolsVersion = 10.1;
					};
				};
			};
			buildConfigurationList = A5CBDE51222AD2930034BD30 /* Build configuration list for PBXProject "listy" */;
			compatibilityVersion = "Xcode 9.3";
			developmentRegion = en;
			hasScannedForEncodings = 0;
			knownRegions = (
				en,
				Base,
			);
			mainGroup = A5CBDE4D222AD2930034BD30;
			productRefGroup = A5CBDE57222AD2930034BD30 /* Products */;
			projectDirPath = "";
			projectRoot = "";
			targets = (
				A5CBDE55222AD2930034BD30 /* listy */,
			);
		};
/* End PBXProject section */

/* Begin PBXResourcesBuildPhase section */
		A5CBDE54222AD2930034BD30 /* Resources */ = {
			isa = PBXResourcesBuildPhase;
			buildActionMask = 2147483647;
			files = (
				A5CBDE64222AD2940034BD30 /* LaunchScreen.storyboard in Resources */,
				A5CBDE61222AD2940034BD30 /* Assets.xcassets in Resources */,
				A5CBDE5F222AD2930034BD30 /* Main.storyboard in Resources */,
			);
			runOnlyForDeploymentPostprocessing = 0;
		};
/* End PBXResourcesBuildPhase section */

/* Begin PBXSourcesBuildPhase section */
		A5CBDE52222AD2930034BD30 /* Sources */ = {
			isa = PBXSourcesBuildPhase;
			buildActionMask = 2147483647;
			files = (
				A55C6AE9222ADECD00FAF311 /* ImagesAndNames.swift in Sources */,
				A5CBDE6E222AD60F0034BD30 /* ParallaxCell.swift in Sources */,
				A5CBDE5C222AD2930034BD30 /* ListTableViewController.swift in Sources */,
				A5CBDE5A222AD2930034BD30 /* AppDelegate.swift in Sources */,
			);
			runOnlyForDeploymentPostprocessing = 0;
		};
/* End PBXSourcesBuildPhase section */

/* Begin PBXVariantGroup section */
		A5CBDE5D222AD2930034BD30 /* Main.storyboard */ = {
			isa = PBXVariantGroup;
			children = (
				A5CBDE5E222AD2930034BD30 /* Base */,
			);
			name = Main.storyboard;
			sourceTree = "<group>";
		};
		A5CBDE62222AD2940034BD30 /* LaunchScreen.storyboard */ = {
			isa = PBXVariantGroup;
			children = (
				A5CBDE63222AD2940034BD30 /* Base */,
			);
			name = LaunchScreen.storyboard;
			sourceTree = "<group>";
		};
/* End PBXVariantGroup section */

/* Begin XCBuildConfiguration section */
		A5CBDE66222AD2940034BD30 /* Debug */ = {
			isa = XCBuildConfiguration;
			buildSettings = {
				ALWAYS_SEARCH_USER_PATHS = NO;
				CLANG_ANALYZER_NONNULL = YES;
				CLANG_ANALYZER_NUMBER_OBJECT_CONVERSION = YES_AGGRESSIVE;
				CLANG_CXX_LANGUAGE_STANDARD = "gnu++14";
				CLANG_CXX_LIBRARY = "libc++";
				CLANG_ENABLE_MODULES = YES;
				CLANG_ENABLE_OBJC_ARC = YES;
				CLANG_ENABLE_OBJC_WEAK = YES;
				CLANG_WARN_BLOCK_CAPTURE_AUTORELEASING = YES;
				CLANG_WARN_BOOL_CONVERSION = YES;
				CLANG_WARN_COMMA = YES;
				CLANG_WARN_CONSTANT_CONVERSION = YES;
				CLANG_WARN_DEPRECATED_OBJC_IMPLEMENTATIONS = YES;
				CLANG_WARN_DIRECT_OBJC_ISA_USAGE = YES_ERROR;
				CLANG_WARN_DOCUMENTATION_COMMENTS = YES;
				CLANG_WARN_EMPTY_BODY = YES;
				CLANG_WARN_ENUM_CONVERSION = YES;
				CLANG_WARN_INFINITE_RECURSION = YES;
				CLANG_WARN_INT_CONVERSION = YES;
				CLANG_WARN_NON_LITERAL_NULL_CONVERSION = YES;
				CLANG_WARN_OBJC_IMPLICIT_RETAIN_SELF = YES;
				CLANG_WARN_OBJC_LITERAL_CONVERSION = YES;
				CLANG_WARN_OBJC_ROOT_CLASS = YES_ERROR;
				CLANG_WARN_RANGE_LOOP_ANALYSIS = YES;
				CLANG_WARN_STRICT_PROTOTYPES = YES;
				CLANG_WARN_SUSPICIOUS_MOVE = YES;
				CLANG_WARN_UNGUARDED_AVAILABILITY = YES_AGGRESSIVE;
				CLANG_WARN_UNREACHABLE_CODE = YES;
				CLANG_WARN__DUPLICATE_METHOD_MATCH = YES;
				CODE_SIGN_IDENTITY = "iPhone Developer";
				COPY_PHASE_STRIP = NO;
				DEBUG_INFORMATION_FORMAT = dwarf;
				ENABLE_STRICT_OBJC_MSGSEND = YES;
				ENABLE_TESTABILITY = YES;
				GCC_C_LANGUAGE_STANDARD = gnu11;
				GCC_DYNAMIC_NO_PIC = NO;
				GCC_NO_COMMON_BLOCKS = YES;
				GCC_OPTIMIZATION_LEVEL = 0;
				GCC_PREPROCESSOR_DEFINITIONS = (
					"DEBUG=1",
					"$(inherited)",
				);
				GCC_WARN_64_TO_32_BIT_CONVERSION = YES;
				GCC_WARN_ABOUT_RETURN_TYPE = YES_ERROR;
				GCC_WARN_UNDECLARED_SELECTOR = YES;
				GCC_WARN_UNINITIALIZED_AUTOS = YES_AGGRESSIVE;
				GCC_WARN_UNUSED_FUNCTION = YES;
				GCC_WARN_UNUSED_VARIABLE = YES;
				IPHONEOS_DEPLOYMENT_TARGET = 12.1;
				MTL_ENABLE_DEBUG_INFO = INCLUDE_SOURCE;
				MTL_FAST_MATH = YES;
				ONLY_ACTIVE_ARCH = YES;
				SDKROOT = iphoneos;
				SWIFT_ACTIVE_COMPILATION_CONDITIONS = DEBUG;
				SWIFT_OPTIMIZATION_LEVEL = "-Onone";
			};
			name = Debug;
		};
		A5CBDE67222AD2940034BD30 /* Release */ = {
			isa = XCBuildConfiguration;
			buildSettings = {
				ALWAYS_SEARCH_USER_PATHS = NO;
				CLANG_ANALYZER_NONNULL = YES;
				CLANG_ANALYZER_NUMBER_OBJECT_CONVERSION = YES_AGGRESSIVE;
				CLANG_CXX_LANGUAGE_STANDARD = "gnu++14";
				CLANG_CXX_LIBRARY = "libc++";
				CLANG_ENABLE_MODULES = YES;
				CLANG_ENABLE_OBJC_ARC = YES;
				CLANG_ENABLE_OBJC_WEAK = YES;
				CLANG_WARN_BLOCK_CAPTURE_AUTORELEASING = YES;
				CLANG_WARN_BOOL_CONVERSION = YES;
				CLANG_WARN_COMMA = YES;
				CLANG_WARN_CONSTANT_CONVERSION = YES;
				CLANG_WARN_DEPRECATED_OBJC_IMPLEMENTATIONS = YES;
				CLANG_WARN_DIRECT_OBJC_ISA_USAGE = YES_ERROR;
				CLANG_WARN_DOCUMENTATION_COMMENTS = YES;
				CLANG_WARN_EMPTY_BODY = YES;
				CLANG_WARN_ENUM_CONVERSION = YES;
				CLANG_WARN_INFINITE_RECURSION = YES;
				CLANG_WARN_INT_CONVERSION = YES;
				CLANG_WARN_NON_LITERAL_NULL_CONVERSION = YES;
				CLANG_WARN_OBJC_IMPLICIT_RETAIN_SELF = YES;
				CLANG_WARN_OBJC_LITERAL_CONVERSION = YES;
				CLANG_WARN_OBJC_ROOT_CLASS = YES_ERROR;
				CLANG_WARN_RANGE_LOOP_ANALYSIS = YES;
				CLANG_WARN_STRICT_PROTOTYPES = YES;
				CLANG_WARN_SUSPICIOUS_MOVE = YES;
				CLANG_WARN_UNGUARDED_AVAILABILITY = YES_AGGRESSIVE;
				CLANG_WARN_UNREACHABLE_CODE = YES;
				CLANG_WARN__DUPLICATE_METHOD_MATCH = YES;
				CODE_SIGN_IDENTITY = "iPhone Developer";
				COPY_PHASE_STRIP = NO;
				DEBUG_INFORMATION_FORMAT = "dwarf-with-dsym";
				ENABLE_NS_ASSERTIONS = NO;
				ENABLE_STRICT_OBJC_MSGSEND = YES;
				GCC_C_LANGUAGE_STANDARD = gnu11;
				GCC_NO_COMMON_BLOCKS = YES;
				GCC_WARN_64_TO_32_BIT_CONVERSION = YES;
				GCC_WARN_ABOUT_RETURN_TYPE = YES_ERROR;
				GCC_WARN_UNDECLARED_SELECTOR = YES;
				GCC_WARN_UNINITIALIZED_AUTOS = YES_AGGRESSIVE;
				GCC_WARN_UNUSED_FUNCTION = YES;
				GCC_WARN_UNUSED_VARIABLE = YES;
				IPHONEOS_DEPLOYMENT_TARGET = 12.1;
				MTL_ENABLE_DEBUG_INFO = NO;
				MTL_FAST_MATH = YES;
				SDKROOT = iphoneos;
				SWIFT_COMPILATION_MODE = wholemodule;
				SWIFT_OPTIMIZATION_LEVEL = "-O";
				VALIDATE_PRODUCT = YES;
			};
			name = Release;
		};
		A5CBDE69222AD2940034BD30 /* Debug */ = {
			isa = XCBuildConfiguration;
			buildSettings = {
				ASSETCATALOG_COMPILER_APPICON_NAME = AppIcon;
				CODE_SIGN_STYLE = Automatic;
				DEVELOPMENT_TEAM = 4Y32W65SMG;
				INFOPLIST_FILE = listy/Info.plist;
				LD_RUNPATH_SEARCH_PATHS = (
					"$(inherited)",
					"@executable_path/Frameworks",
				);
				PRODUCT_BUNDLE_IDENTIFIER = X3.listy;
				PRODUCT_NAME = "$(TARGET_NAME)";
				SWIFT_VERSION = 4.2;
				TARGETED_DEVICE_FAMILY = "1,2";
			};
			name = Debug;
		};
		A5CBDE6A222AD2940034BD30 /* Release */ = {
			isa = XCBuildConfiguration;
			buildSettings = {
				ASSETCATALOG_COMPILER_APPICON_NAME = AppIcon;
				CODE_SIGN_STYLE = Automatic;
				DEVELOPMENT_TEAM = 4Y32W65SMG;
				INFOPLIST_FILE = listy/Info.plist;
				LD_RUNPATH_SEARCH_PATHS = (
					"$(inherited)",
					"@executable_path/Frameworks",
				);
				PRODUCT_BUNDLE_IDENTIFIER = X3.listy;
				PRODUCT_NAME = "$(TARGET_NAME)";
				SWIFT_VERSION = 4.2;
				TARGETED_DEVICE_FAMILY = "1,2";
			};
			name = Release;
		};
/* End XCBuildConfiguration section */

/* Begin XCConfigurationList section */
		A5CBDE51222AD2930034BD30 /* Build configuration list for PBXProject "listy" */ = {
			isa = XCConfigurationList;
			buildConfigurations = (
				A5CBDE66222AD2940034BD30 /* Debug */,
				A5CBDE67222AD2940034BD30 /* Release */,
			);
			defaultConfigurationIsVisible = 0;
			defaultConfigurationName = Release;
		};
		A5CBDE68222AD2940034BD30 /* Build configuration list for PBXNativeTarget "listy" */ = {
			isa = XCConfigurationList;
			buildConfigurations = (
				A5CBDE69222AD2940034BD30 /* Debug */,
				A5CBDE6A222AD2940034BD30 /* Release */,
			);
			defaultConfigurationIsVisible = 0;
			defaultConfigurationName = Release;
		};
/* End XCConfigurationList section */
	};
	rootObject = A5CBDE4E222AD2930034BD30 /* Project object */;
}
